
Microsoft Visual Studio Solution File, Format Version 12.00
# Visual Studio Version 16
VisualStudioVersion = 16.0.29519.181
MinimumVisualStudioVersion = 10.0.40219.1
Project("{FAE04EC0-301F-11D3-BF4B-00C04F79EFBC}") = "EMarket.Web", "EMarket.Web\EMarket.Web.csproj", "{731F3D05-18A7-4200-96F3-D27C20E78ED2}"
EndProject
Project("{FAE04EC0-301F-11D3-BF4B-00C04F79EFBC}") = "EMarket.ApplicationCore", "EMarket.ApplicationCore\EMarket.ApplicationCore.csproj", "{32C96678-1078-487F-949F-059E71D518F2}"
EndProject
Project("{FAE04EC0-301F-11D3-BF4B-00C04F79EFBC}") = "EMarket.Infrastructure", "EMarket.Infrastructure\EMarket.Infrastructure.csproj", "{C815D3CF-D1AC-4983-A747-828BAA25E158}"
EndProject
Global
	GlobalSection(SolutionConfigurationPlatforms) = preSolution
		Debug|Any CPU = Debug|Any CPU
		Release|Any CPU = Release|Any CPU
	EndGlobalSection
	GlobalSection(ProjectConfigurationPlatforms) = postSolution
		{731F3D05-18A7-4200-96F3-D27C20E78ED2}.Debug|Any CPU.ActiveCfg = Debug|Any CPU
		{731F3D05-18A7-4200-96F3-D27C20E78ED2}.Debug|Any CPU.Build.0 = Debug|Any CPU
		{731F3D05-18A7-4200-96F3-D27C20E78ED2}.Release|Any CPU.ActiveCfg = Release|Any CPU
		{731F3D05-18A7-4200-96F3-D27C20E78ED2}.Release|Any CPU.Build.0 = Release|Any CPU
		{32C96678-1078-487F-949F-059E71D518F2}.Debug|Any CPU.ActiveCfg = Debug|Any CPU
		{32C96678-1078-487F-949F-059E71D518F2}.Debug|Any CPU.Build.0 = Debug|Any CPU
		{32C96678-1078-487F-949F-059E71D518F2}.Release|Any CPU.ActiveCfg = Release|Any CPU
		{32C96678-1078-487F-949F-059E71D518F2}.Release|Any CPU.Build.0 = Release|Any CPU
		{C815D3CF-D1AC-4983-A747-828BAA25E158}.Debug|Any CPU.ActiveCfg = Debug|Any CPU
		{C815D3CF-D1AC-4983-A747-828BAA25E158}.Debug|Any CPU.Build.0 = Debug|Any CPU
		{C815D3CF-D1AC-4983-A747-828BAA25E158}.Release|Any CPU.ActiveCfg = Release|Any CPU
		{C815D3CF-D1AC-4983-A747-828BAA25E158}.Release|Any CPU.Build.0 = Release|Any CPU
	EndGlobalSection
	GlobalSection(SolutionProperties) = preSolution
		HideSolutionNode = FALSE
	EndGlobalSection
	GlobalSection(ExtensibilityGlobals) = postSolution
		SolutionGuid = {641BAC3B-F007-428D-AF1B-AD86F7E5864B}
	EndGlobalSection
EndGlobal
